// !$*UTF8*$!
{
	archiveVersion = 1;
	classes = {
	};
	objectVersion = 55;
	objects = {

/* Begin PBXBuildFile section */
		0ED500EDE0EF072B7D495500 /* Pods_Flix.framework in Frameworks */ = {isa = PBXBuildFile; fileRef = D915B99A5913DBCBFC905947 /* Pods_Flix.framework */; };
		54ADFAAFCAE4073850A3E378 /* Pods_FlixTests.framework in Frameworks */ = {isa = PBXBuildFile; fileRef = 4EC68C62F7B38C3BD60471D7 /* Pods_FlixTests.framework */; };
		6A6501D928CA2CEE0072382E /* AppDelegate.swift in Sources */ = {isa = PBXBuildFile; fileRef = 6A6501D828CA2CEE0072382E /* AppDelegate.swift */; };
		6A6501DB28CA2CEE0072382E /* SceneDelegate.swift in Sources */ = {isa = PBXBuildFile; fileRef = 6A6501DA28CA2CEE0072382E /* SceneDelegate.swift */; };
		6A6501DD28CA2CEE0072382E /* ViewController.swift in Sources */ = {isa = PBXBuildFile; fileRef = 6A6501DC28CA2CEE0072382E /* ViewController.swift */; };
		6A6501E028CA2CEE0072382E /* Main.storyboard in Resources */ = {isa = PBXBuildFile; fileRef = 6A6501DE28CA2CEE0072382E /* Main.storyboard */; };
		6A6501E228CA2CF00072382E /* Assets.xcassets in Resources */ = {isa = PBXBuildFile; fileRef = 6A6501E128CA2CF00072382E /* Assets.xcassets */; };
		6A6501E528CA2CF00072382E /* LaunchScreen.storyboard in Resources */ = {isa = PBXBuildFile; fileRef = 6A6501E328CA2CF00072382E /* LaunchScreen.storyboard */; };
		6A6501F028CA2CF00072382E /* FlixTests.swift in Sources */ = {isa = PBXBuildFile; fileRef = 6A6501EF28CA2CF00072382E /* FlixTests.swift */; };
		6A6501FA28CA2CF00072382E /* FlixUITests.swift in Sources */ = {isa = PBXBuildFile; fileRef = 6A6501F928CA2CF00072382E /* FlixUITests.swift */; };
		6A6501FC28CA2CF00072382E /* FlixUITestsLaunchTests.swift in Sources */ = {isa = PBXBuildFile; fileRef = 6A6501FB28CA2CF00072382E /* FlixUITestsLaunchTests.swift */; };
		6A65020B28CA7FC10072382E /* MovieCell.swift in Sources */ = {isa = PBXBuildFile; fileRef = 6A65020A28CA7FC10072382E /* MovieCell.swift */; };
		6A65020E28CA84B20072382E /* AlamofireImage in Frameworks */ = {isa = PBXBuildFile; productRef = 6A65020D28CA84B20072382E /* AlamofireImage */; };
		6A78B82528D8F38C001AF1B1 /* MovieDetailsViewController.swift in Sources */ = {isa = PBXBuildFile; fileRef = 6A78B82428D8F38C001AF1B1 /* MovieDetailsViewController.swift */; };
		6A78B82728D9F80A001AF1B1 /* MovieGridViewController.swift in Sources */ = {isa = PBXBuildFile; fileRef = 6A78B82628D9F80A001AF1B1 /* MovieGridViewController.swift */; };
		6A78B82928DA0009001AF1B1 /* MovieGridCell.swift in Sources */ = {isa = PBXBuildFile; fileRef = 6A78B82828DA0009001AF1B1 /* MovieGridCell.swift */; };
		C0FC5DCC80D56EE5C0A2010E /* Pods_Flix_FlixUITests.framework in Frameworks */ = {isa = PBXBuildFile; fileRef = F99B9777C1CE8C6F274CF9DA /* Pods_Flix_FlixUITests.framework */; };
/* End PBXBuildFile section */

/* Begin PBXContainerItemProxy section */
		6A6501EC28CA2CF00072382E /* PBXContainerItemProxy */ = {
			isa = PBXContainerItemProxy;
			containerPortal = 6A6501CD28CA2CEE0072382E /* Project object */;
			proxyType = 1;
			remoteGlobalIDString = 6A6501D428CA2CEE0072382E;
			remoteInfo = Flix;
		};
		6A6501F628CA2CF00072382E /* PBXContainerItemProxy */ = {
			isa = PBXContainerItemProxy;
			containerPortal = 6A6501CD28CA2CEE0072382E /* Project object */;
			proxyType = 1;
			remoteGlobalIDString = 6A6501D428CA2CEE0072382E;
			remoteInfo = Flix;
		};
/* End PBXContainerItemProxy section */

/* Begin PBXFileReference section */
		128D369C52703E83163BA3A2 /* Pods-Flix.debug.xcconfig */ = {isa = PBXFileReference; includeInIndex = 1; lastKnownFileType = text.xcconfig; name = "Pods-Flix.debug.xcconfig"; path = "Target Support Files/Pods-Flix/Pods-Flix.debug.xcconfig"; sourceTree = "<group>"; };
		4EC68C62F7B38C3BD60471D7 /* Pods_FlixTests.framework */ = {isa = PBXFileReference; explicitFileType = wrapper.framework; includeInIndex = 0; path = Pods_FlixTests.framework; sourceTree = BUILT_PRODUCTS_DIR; };
		6A6501D528CA2CEE0072382E /* Flix.app */ = {isa = PBXFileReference; explicitFileType = wrapper.application; includeInIndex = 0; path = Flix.app; sourceTree = BUILT_PRODUCTS_DIR; };
		6A6501D828CA2CEE0072382E /* AppDelegate.swift */ = {isa = PBXFileReference; lastKnownFileType = sourcecode.swift; path = AppDelegate.swift; sourceTree = "<group>"; };
		6A6501DA28CA2CEE0072382E /* SceneDelegate.swift */ = {isa = PBXFileReference; lastKnownFileType = sourcecode.swift; path = SceneDelegate.swift; sourceTree = "<group>"; };
		6A6501DC28CA2CEE0072382E /* ViewController.swift */ = {isa = PBXFileReference; lastKnownFileType = sourcecode.swift; path = ViewController.swift; sourceTree = "<group>"; };
		6A6501DF28CA2CEE0072382E /* Base */ = {isa = PBXFileReference; lastKnownFileType = file.storyboard; name = Base; path = Base.lproj/Main.storyboard; sourceTree = "<group>"; };
		6A6501E128CA2CF00072382E /* Assets.xcassets */ = {isa = PBXFileReference; lastKnownFileType = folder.assetcatalog; path = Assets.xcassets; sourceTree = "<group>"; };
		6A6501E428CA2CF00072382E /* Base */ = {isa = PBXFileReference; lastKnownFileType = file.storyboard; name = Base; path = Base.lproj/LaunchScreen.storyboard; sourceTree = "<group>"; };
		6A6501E628CA2CF00072382E /* Info.plist */ = {isa = PBXFileReference; lastKnownFileType = text.plist.xml; path = Info.plist; sourceTree = "<group>"; };
		6A6501EB28CA2CF00072382E /* FlixTests.xctest */ = {isa = PBXFileReference; explicitFileType = wrapper.cfbundle; includeInIndex = 0; path = FlixTests.xctest; sourceTree = BUILT_PRODUCTS_DIR; };
		6A6501EF28CA2CF00072382E /* FlixTests.swift */ = {isa = PBXFileReference; lastKnownFileType = sourcecode.swift; path = FlixTests.swift; sourceTree = "<group>"; };
		6A6501F528CA2CF00072382E /* FlixUITests.xctest */ = {isa = PBXFileReference; explicitFileType = wrapper.cfbundle; includeInIndex = 0; path = FlixUITests.xctest; sourceTree = BUILT_PRODUCTS_DIR; };
		6A6501F928CA2CF00072382E /* FlixUITests.swift */ = {isa = PBXFileReference; lastKnownFileType = sourcecode.swift; path = FlixUITests.swift; sourceTree = "<group>"; };
		6A6501FB28CA2CF00072382E /* FlixUITestsLaunchTests.swift */ = {isa = PBXFileReference; lastKnownFileType = sourcecode.swift; path = FlixUITestsLaunchTests.swift; sourceTree = "<group>"; };
		6A65020A28CA7FC10072382E /* MovieCell.swift */ = {isa = PBXFileReference; lastKnownFileType = sourcecode.swift; path = MovieCell.swift; sourceTree = "<group>"; };
		6A78B82428D8F38C001AF1B1 /* MovieDetailsViewController.swift */ = {isa = PBXFileReference; lastKnownFileType = sourcecode.swift; path = MovieDetailsViewController.swift; sourceTree = "<group>"; };
		6A78B82628D9F80A001AF1B1 /* MovieGridViewController.swift */ = {isa = PBXFileReference; lastKnownFileType = sourcecode.swift; path = MovieGridViewController.swift; sourceTree = "<group>"; };
		6A78B82828DA0009001AF1B1 /* MovieGridCell.swift */ = {isa = PBXFileReference; lastKnownFileType = sourcecode.swift; path = MovieGridCell.swift; sourceTree = "<group>"; };
		783891EBEC807FD4B53C2C02 /* Pods-FlixTests.debug.xcconfig */ = {isa = PBXFileReference; includeInIndex = 1; lastKnownFileType = text.xcconfig; name = "Pods-FlixTests.debug.xcconfig"; path = "Target Support Files/Pods-FlixTests/Pods-FlixTests.debug.xcconfig"; sourceTree = "<group>"; };
		88B10473A3104B14488CD6B2 /* Pods-Flix-FlixUITests.debug.xcconfig */ = {isa = PBXFileReference; includeInIndex = 1; lastKnownFileType = text.xcconfig; name = "Pods-Flix-FlixUITests.debug.xcconfig"; path = "Target Support Files/Pods-Flix-FlixUITests/Pods-Flix-FlixUITests.debug.xcconfig"; sourceTree = "<group>"; };
		981944860EC169EC5C2EC712 /* Pods-FlixTests.release.xcconfig */ = {isa = PBXFileReference; includeInIndex = 1; lastKnownFileType = text.xcconfig; name = "Pods-FlixTests.release.xcconfig"; path = "Target Support Files/Pods-FlixTests/Pods-FlixTests.release.xcconfig"; sourceTree = "<group>"; };
		A52070451A6EEDACF746A12A /* Pods-Flix.release.xcconfig */ = {isa = PBXFileReference; includeInIndex = 1; lastKnownFileType = text.xcconfig; name = "Pods-Flix.release.xcconfig"; path = "Target Support Files/Pods-Flix/Pods-Flix.release.xcconfig"; sourceTree = "<group>"; };
		D915B99A5913DBCBFC905947 /* Pods_Flix.framework */ = {isa = PBXFileReference; explicitFileType = wrapper.framework; includeInIndex = 0; path = Pods_Flix.framework; sourceTree = BUILT_PRODUCTS_DIR; };
		F99B9777C1CE8C6F274CF9DA /* Pods_Flix_FlixUITests.framework */ = {isa = PBXFileReference; explicitFileType = wrapper.framework; includeInIndex = 0; path = Pods_Flix_FlixUITests.framework; sourceTree = BUILT_PRODUCTS_DIR; };
		FDAAB2BF266D4553B76748D1 /* Pods-Flix-FlixUITests.release.xcconfig */ = {isa = PBXFileReference; includeInIndex = 1; lastKnownFileType = text.xcconfig; name = "Pods-Flix-FlixUITests.release.xcconfig"; path = "Target Support Files/Pods-Flix-FlixUITests/Pods-Flix-FlixUITests.release.xcconfig"; sourceTree = "<group>"; };
/* End PBXFileReference section */

/* Begin PBXFrameworksBuildPhase section */
		6A6501D228CA2CEE0072382E /* Frameworks */ = {
			isa = PBXFrameworksBuildPhase;
			buildActionMask = 2147483647;
			files = (
				6A65020E28CA84B20072382E /* AlamofireImage in Frameworks */,
				0ED500EDE0EF072B7D495500 /* Pods_Flix.framework in Frameworks */,
			);
			runOnlyForDeploymentPostprocessing = 0;
		};
		6A6501E828CA2CF00072382E /* Frameworks */ = {
			isa = PBXFrameworksBuildPhase;
			buildActionMask = 2147483647;
			files = (
				54ADFAAFCAE4073850A3E378 /* Pods_FlixTests.framework in Frameworks */,
			);
			runOnlyForDeploymentPostprocessing = 0;
		};
		6A6501F228CA2CF00072382E /* Frameworks */ = {
			isa = PBXFrameworksBuildPhase;
			buildActionMask = 2147483647;
			files = (
				C0FC5DCC80D56EE5C0A2010E /* Pods_Flix_FlixUITests.framework in Frameworks */,
			);
			runOnlyForDeploymentPostprocessing = 0;
		};
/* End PBXFrameworksBuildPhase section */

/* Begin PBXGroup section */
		43A4BC9BC7D2D904E33E0715 /* Pods */ = {
			isa = PBXGroup;
			children = (
				128D369C52703E83163BA3A2 /* Pods-Flix.debug.xcconfig */,
				A52070451A6EEDACF746A12A /* Pods-Flix.release.xcconfig */,
				88B10473A3104B14488CD6B2 /* Pods-Flix-FlixUITests.debug.xcconfig */,
				FDAAB2BF266D4553B76748D1 /* Pods-Flix-FlixUITests.release.xcconfig */,
				783891EBEC807FD4B53C2C02 /* Pods-FlixTests.debug.xcconfig */,
				981944860EC169EC5C2EC712 /* Pods-FlixTests.release.xcconfig */,
			);
			path = Pods;
			sourceTree = "<group>";
		};
		6A6501CC28CA2CEE0072382E = {
			isa = PBXGroup;
			children = (
				6A6501D728CA2CEE0072382E /* Flix */,
				6A6501EE28CA2CF00072382E /* FlixTests */,
				6A6501F828CA2CF00072382E /* FlixUITests */,
				6A6501D628CA2CEE0072382E /* Products */,
				43A4BC9BC7D2D904E33E0715 /* Pods */,
				E0ED03A5E9214BFCCBAA44E9 /* Frameworks */,
			);
			sourceTree = "<group>";
		};
		6A6501D628CA2CEE0072382E /* Products */ = {
			isa = PBXGroup;
			children = (
				6A6501D528CA2CEE0072382E /* Flix.app */,
				6A6501EB28CA2CF00072382E /* FlixTests.xctest */,
				6A6501F528CA2CF00072382E /* FlixUITests.xctest */,
			);
			name = Products;
			sourceTree = "<group>";
		};
		6A6501D728CA2CEE0072382E /* Flix */ = {
			isa = PBXGroup;
			children = (
				6A6501D828CA2CEE0072382E /* AppDelegate.swift */,
				6A6501DA28CA2CEE0072382E /* SceneDelegate.swift */,
				6A6501DC28CA2CEE0072382E /* ViewController.swift */,
				6A6501DE28CA2CEE0072382E /* Main.storyboard */,
				6A6501E128CA2CF00072382E /* Assets.xcassets */,
				6A6501E328CA2CF00072382E /* LaunchScreen.storyboard */,
				6A6501E628CA2CF00072382E /* Info.plist */,
				6A65020A28CA7FC10072382E /* MovieCell.swift */,
				6A78B82428D8F38C001AF1B1 /* MovieDetailsViewController.swift */,
				6A78B82628D9F80A001AF1B1 /* MovieGridViewController.swift */,
				6A78B82828DA0009001AF1B1 /* MovieGridCell.swift */,
			);
			path = Flix;
			sourceTree = "<group>";
		};
		6A6501EE28CA2CF00072382E /* FlixTests */ = {
			isa = PBXGroup;
			children = (
				6A6501EF28CA2CF00072382E /* FlixTests.swift */,
			);
			path = FlixTests;
			sourceTree = "<group>";
		};
		6A6501F828CA2CF00072382E /* FlixUITests */ = {
			isa = PBXGroup;
			children = (
				6A6501F928CA2CF00072382E /* FlixUITests.swift */,
				6A6501FB28CA2CF00072382E /* FlixUITestsLaunchTests.swift */,
			);
			path = FlixUITests;
			sourceTree = "<group>";
		};
		E0ED03A5E9214BFCCBAA44E9 /* Frameworks */ = {
			isa = PBXGroup;
			children = (
				D915B99A5913DBCBFC905947 /* Pods_Flix.framework */,
				F99B9777C1CE8C6F274CF9DA /* Pods_Flix_FlixUITests.framework */,
				4EC68C62F7B38C3BD60471D7 /* Pods_FlixTests.framework */,
			);
			name = Frameworks;
			sourceTree = "<group>";
		};
/* End PBXGroup section */

/* Begin PBXNativeTarget section */
		6A6501D428CA2CEE0072382E /* Flix */ = {
			isa = PBXNativeTarget;
			buildConfigurationList = 6A6501FF28CA2CF00072382E /* Build configuration list for PBXNativeTarget "Flix" */;
			buildPhases = (
				80331F57C2F303F284B5E04C /* [CP] Check Pods Manifest.lock */,
				6A6501D128CA2CEE0072382E /* Sources */,
				6A6501D228CA2CEE0072382E /* Frameworks */,
				6A6501D328CA2CEE0072382E /* Resources */,
				4DC112BE841440B07F9EA45D /* [CP] Embed Pods Frameworks */,
			);
			buildRules = (
			);
			dependencies = (
			);
			name = Flix;
			packageProductDependencies = (
				6A65020D28CA84B20072382E /* AlamofireImage */,
			);
			productName = Flix;
			productReference = 6A6501D528CA2CEE0072382E /* Flix.app */;
			productType = "com.apple.product-type.application";
		};
		6A6501EA28CA2CF00072382E /* FlixTests */ = {
			isa = PBXNativeTarget;
			buildConfigurationList = 6A65020228CA2CF00072382E /* Build configuration list for PBXNativeTarget "FlixTests" */;
			buildPhases = (
				BEF416D14BA7588B2BD5214F /* [CP] Check Pods Manifest.lock */,
				6A6501E728CA2CF00072382E /* Sources */,
				6A6501E828CA2CF00072382E /* Frameworks */,
				6A6501E928CA2CF00072382E /* Resources */,
			);
			buildRules = (
			);
			dependencies = (
				6A6501ED28CA2CF00072382E /* PBXTargetDependency */,
			);
			name = FlixTests;
			productName = FlixTests;
			productReference = 6A6501EB28CA2CF00072382E /* FlixTests.xctest */;
			productType = "com.apple.product-type.bundle.unit-test";
		};
		6A6501F428CA2CF00072382E /* FlixUITests */ = {
			isa = PBXNativeTarget;
			buildConfigurationList = 6A65020528CA2CF00072382E /* Build configuration list for PBXNativeTarget "FlixUITests" */;
			buildPhases = (
				0EAC6D04B8E2FEF34BF45385 /* [CP] Check Pods Manifest.lock */,
				6A6501F128CA2CF00072382E /* Sources */,
				6A6501F228CA2CF00072382E /* Frameworks */,
				6A6501F328CA2CF00072382E /* Resources */,
				2DFF0F2FB102456BCF93F29F /* [CP] Embed Pods Frameworks */,
			);
			buildRules = (
			);
			dependencies = (
				6A6501F728CA2CF00072382E /* PBXTargetDependency */,
			);
			name = FlixUITests;
			productName = FlixUITests;
			productReference = 6A6501F528CA2CF00072382E /* FlixUITests.xctest */;
			productType = "com.apple.product-type.bundle.ui-testing";
		};
/* End PBXNativeTarget section */

/* Begin PBXProject section */
		6A6501CD28CA2CEE0072382E /* Project object */ = {
			isa = PBXProject;
			attributes = {
				BuildIndependentTargetsInParallel = 1;
				LastSwiftUpdateCheck = 1320;
				LastUpgradeCheck = 1320;
				TargetAttributes = {
					6A6501D428CA2CEE0072382E = {
						CreatedOnToolsVersion = 13.2.1;
					};
					6A6501EA28CA2CF00072382E = {
						CreatedOnToolsVersion = 13.2.1;
						TestTargetID = 6A6501D428CA2CEE0072382E;
					};
					6A6501F428CA2CF00072382E = {
						CreatedOnToolsVersion = 13.2.1;
						TestTargetID = 6A6501D428CA2CEE0072382E;
					};
				};
			};
			buildConfigurationList = 6A6501D028CA2CEE0072382E /* Build configuration list for PBXProject "Flix" */;
			compatibilityVersion = "Xcode 13.0";
			developmentRegion = en;
			hasScannedForEncodings = 0;
			knownRegions = (
				en,
				Base,
			);
			mainGroup = 6A6501CC28CA2CEE0072382E;
			packageReferences = (
				6A65020C28CA84B20072382E /* XCRemoteSwiftPackageReference "AlamofireImage" */,
			);
			productRefGroup = 6A6501D628CA2CEE0072382E /* Products */;
			projectDirPath = "";
			projectRoot = "";
			targets = (
				6A6501D428CA2CEE0072382E /* Flix */,
				6A6501EA28CA2CF00072382E /* FlixTests */,
				6A6501F428CA2CF00072382E /* FlixUITests */,
			);
		};
/* End PBXProject section */

/* Begin PBXResourcesBuildPhase section */
		6A6501D328CA2CEE0072382E /* Resources */ = {
			isa = PBXResourcesBuildPhase;
			buildActionMask = 2147483647;
			files = (
				6A6501E528CA2CF00072382E /* LaunchScreen.storyboard in Resources */,
				6A6501E228CA2CF00072382E /* Assets.xcassets in Resources */,
				6A6501E028CA2CEE0072382E /* Main.storyboard in Resources */,
			);
			runOnlyForDeploymentPostprocessing = 0;
		};
		6A6501E928CA2CF00072382E /* Resources */ = {
			isa = PBXResourcesBuildPhase;
			buildActionMask = 2147483647;
			files = (
			);
			runOnlyForDeploymentPostprocessing = 0;
		};
		6A6501F328CA2CF00072382E /* Resources */ = {
			isa = PBXResourcesBuildPhase;
			buildActionMask = 2147483647;
			files = (
			);
			runOnlyForDeploymentPostprocessing = 0;
		};
/* End PBXResourcesBuildPhase section */

/* Begin PBXShellScriptBuildPhase section */
		0EAC6D04B8E2FEF34BF45385 /* [CP] Check Pods Manifest.lock */ = {
			isa = PBXShellScriptBuildPhase;
			buildActionMask = 2147483647;
			files = (
			);
			inputFileListPaths = (
			);
			inputPaths = (
				"${PODS_PODFILE_DIR_PATH}/Podfile.lock",
				"${PODS_ROOT}/Manifest.lock",
			);
			name = "[CP] Check Pods Manifest.lock";
			outputFileListPaths = (
			);
			outputPaths = (
				"$(DERIVED_FILE_DIR)/Pods-Flix-FlixUITests-checkManifestLockResult.txt",
			);
			runOnlyForDeploymentPostprocessing = 0;
			shellPath = /bin/sh;
			shellScript = "diff \"${PODS_PODFILE_DIR_PATH}/Podfile.lock\" \"${PODS_ROOT}/Manifest.lock\" > /dev/null\nif [ $? != 0 ] ; then\n    # print error to STDERR\n    echo \"error: The sandbox is not in sync with the Podfile.lock. Run 'pod install' or update your CocoaPods installation.\" >&2\n    exit 1\nfi\n# This output is used by Xcode 'outputs' to avoid re-running this script phase.\necho \"SUCCESS\" > \"${SCRIPT_OUTPUT_FILE_0}\"\n";
			showEnvVarsInLog = 0;
		};
		2DFF0F2FB102456BCF93F29F /* [CP] Embed Pods Frameworks */ = {
			isa = PBXShellScriptBuildPhase;
			buildActionMask = 2147483647;
			files = (
			);
			inputFileListPaths = (
				"${PODS_ROOT}/Target Support Files/Pods-Flix-FlixUITests/Pods-Flix-FlixUITests-frameworks-${CONFIGURATION}-input-files.xcfilelist",
			);
			name = "[CP] Embed Pods Frameworks";
			outputFileListPaths = (
				"${PODS_ROOT}/Target Support Files/Pods-Flix-FlixUITests/Pods-Flix-FlixUITests-frameworks-${CONFIGURATION}-output-files.xcfilelist",
			);
			runOnlyForDeploymentPostprocessing = 0;
			shellPath = /bin/sh;
			shellScript = "\"${PODS_ROOT}/Target Support Files/Pods-Flix-FlixUITests/Pods-Flix-FlixUITests-frameworks.sh\"\n";
			showEnvVarsInLog = 0;
		};
		4DC112BE841440B07F9EA45D /* [CP] Embed Pods Frameworks */ = {
			isa = PBXShellScriptBuildPhase;
			buildActionMask = 2147483647;
			files = (
			);
			inputFileListPaths = (
				"${PODS_ROOT}/Target Support Files/Pods-Flix/Pods-Flix-frameworks-${CONFIGURATION}-input-files.xcfilelist",
			);
			name = "[CP] Embed Pods Frameworks";
			outputFileListPaths = (
				"${PODS_ROOT}/Target Support Files/Pods-Flix/Pods-Flix-frameworks-${CONFIGURATION}-output-files.xcfilelist",
			);
			runOnlyForDeploymentPostprocessing = 0;
			shellPath = /bin/sh;
			shellScript = "\"${PODS_ROOT}/Target Support Files/Pods-Flix/Pods-Flix-frameworks.sh\"\n";
			showEnvVarsInLog = 0;
		};
		80331F57C2F303F284B5E04C /* [CP] Check Pods Manifest.lock */ = {
			isa = PBXShellScriptBuildPhase;
			buildActionMask = 2147483647;
			files = (
			);
			inputFileListPaths = (
			);
			inputPaths = (
				"${PODS_PODFILE_DIR_PATH}/Podfile.lock",
				"${PODS_ROOT}/Manifest.lock",
			);
			name = "[CP] Check Pods Manifest.lock";
			outputFileListPaths = (
			);
			outputPaths = (
				"$(DERIVED_FILE_DIR)/Pods-Flix-checkManifestLockResult.txt",
			);
			runOnlyForDeploymentPostprocessing = 0;
			shellPath = /bin/sh;
			shellScript = "diff \"${PODS_PODFILE_DIR_PATH}/Podfile.lock\" \"${PODS_ROOT}/Manifest.lock\" > /dev/null\nif [ $? != 0 ] ; then\n    # print error to STDERR\n    echo \"error: The sandbox is not in sync with the Podfile.lock. Run 'pod install' or update your CocoaPods installation.\" >&2\n    exit 1\nfi\n# This output is used by Xcode 'outputs' to avoid re-running this script phase.\necho \"SUCCESS\" > \"${SCRIPT_OUTPUT_FILE_0}\"\n";
			showEnvVarsInLog = 0;
		};
		BEF416D14BA7588B2BD5214F /* [CP] Check Pods Manifest.lock */ = {
			isa = PBXShellScriptBuildPhase;
			buildActionMask = 2147483647;
			files = (
			);
			inputFileListPaths = (
			);
			inputPaths = (
				"${PODS_PODFILE_DIR_PATH}/Podfile.lock",
				"${PODS_ROOT}/Manifest.lock",
			);
			name = "[CP] Check Pods Manifest.lock";
			outputFileListPaths = (
			);
			outputPaths = (
				"$(DERIVED_FILE_DIR)/Pods-FlixTests-checkManifestLockResult.txt",
			);
			runOnlyForDeploymentPostprocessing = 0;
			shellPath = /bin/sh;
			shellScript = "diff \"${PODS_PODFILE_DIR_PATH}/Podfile.lock\" \"${PODS_ROOT}/Manifest.lock\" > /dev/null\nif [ $? != 0 ] ; then\n    # print error to STDERR\n    echo \"error: The sandbox is not in sync with the Podfile.lock. Run 'pod install' or update your CocoaPods installation.\" >&2\n    exit 1\nfi\n# This output is used by Xcode 'outputs' to avoid re-running this script phase.\necho \"SUCCESS\" > \"${SCRIPT_OUTPUT_FILE_0}\"\n";
			showEnvVarsInLog = 0;
		};
/* End PBXShellScriptBuildPhase section */

/* Begin PBXSourcesBuildPhase section */
		6A6501D128CA2CEE0072382E /* Sources */ = {
			isa = PBXSourcesBuildPhase;
			buildActionMask = 2147483647;
			files = (
				6A78B82528D8F38C001AF1B1 /* MovieDetailsViewController.swift in Sources */,
				6A6501DD28CA2CEE0072382E /* ViewController.swift in Sources */,
				6A6501D928CA2CEE0072382E /* AppDelegate.swift in Sources */,
				6A65020B28CA7FC10072382E /* MovieCell.swift in Sources */,
				6A6501DB28CA2CEE0072382E /* SceneDelegate.swift in Sources */,
				6A78B82728D9F80A001AF1B1 /* MovieGridViewController.swift in Sources */,
				6A78B82928DA0009001AF1B1 /* MovieGridCell.swift in Sources */,
			);
			runOnlyForDeploymentPostprocessing = 0;
		};
		6A6501E728CA2CF00072382E /* Sources */ = {
			isa = PBXSourcesBuildPhase;
			buildActionMask = 2147483647;
			files = (
				6A6501F028CA2CF00072382E /* FlixTests.swift in Sources */,
			);
			runOnlyForDeploymentPostprocessing = 0;
		};
		6A6501F128CA2CF00072382E /* Sources */ = {
			isa = PBXSourcesBuildPhase;
			buildActionMask = 2147483647;
			files = (
				6A6501FA28CA2CF00072382E /* FlixUITests.swift in Sources */,
				6A6501FC28CA2CF00072382E /* FlixUITestsLaunchTests.swift in Sources */,
			);
			runOnlyForDeploymentPostprocessing = 0;
		};
/* End PBXSourcesBuildPhase section */

/* Begin PBXTargetDependency section */
		6A6501ED28CA2CF00072382E /* PBXTargetDependency */ = {
			isa = PBXTargetDependency;
			target = 6A6501D428CA2CEE0072382E /* Flix */;
			targetProxy = 6A6501EC28CA2CF00072382E /* PBXContainerItemProxy */;
		};
		6A6501F728CA2CF00072382E /* PBXTargetDependency */ = {
			isa = PBXTargetDependency;
			target = 6A6501D428CA2CEE0072382E /* Flix */;
			targetProxy = 6A6501F628CA2CF00072382E /* PBXContainerItemProxy */;
		};
/* End PBXTargetDependency section */

/* Begin PBXVariantGroup section */
		6A6501DE28CA2CEE0072382E /* Main.storyboard */ = {
			isa = PBXVariantGroup;
			children = (
				6A6501DF28CA2CEE0072382E /* Base */,
			);
			name = Main.storyboard;
			sourceTree = "<group>";
		};
		6A6501E328CA2CF00072382E /* LaunchScreen.storyboard */ = {
			isa = PBXVariantGroup;
			children = (
				6A6501E428CA2CF00072382E /* Base */,
			);
			name = LaunchScreen.storyboard;
			sourceTree = "<group>";
		};
/* End PBXVariantGroup section */

/* Begin XCBuildConfiguration section */
		6A6501FD28CA2CF00072382E /* Debug */ = {
			isa = XCBuildConfiguration;
			buildSettings = {
				ALWAYS_SEARCH_USER_PATHS = NO;
				CLANG_ANALYZER_NONNULL = YES;
				CLANG_ANALYZER_NUMBER_OBJECT_CONVERSION = YES_AGGRESSIVE;
				CLANG_CXX_LANGUAGE_STANDARD = "gnu++17";
				CLANG_CXX_LIBRARY = "libc++";
				CLANG_ENABLE_MODULES = YES;
				CLANG_ENABLE_OBJC_ARC = YES;
				CLANG_ENABLE_OBJC_WEAK = YES;
				CLANG_WARN_BLOCK_CAPTURE_AUTORELEASING = YES;
				CLANG_WARN_BOOL_CONVERSION = YES;
				CLANG_WARN_COMMA = YES;
				CLANG_WARN_CONSTANT_CONVERSION = YES;
				CLANG_WARN_DEPRECATED_OBJC_IMPLEMENTATIONS = YES;
				CLANG_WARN_DIRECT_OBJC_ISA_USAGE = YES_ERROR;
				CLANG_WARN_DOCUMENTATION_COMMENTS = YES;
				CLANG_WARN_EMPTY_BODY = YES;
				CLANG_WARN_ENUM_CONVERSION = YES;
				CLANG_WARN_INFINITE_RECURSION = YES;
				CLANG_WARN_INT_CONVERSION = YES;
				CLANG_WARN_NON_LITERAL_NULL_CONVERSION = YES;
				CLANG_WARN_OBJC_IMPLICIT_RETAIN_SELF = YES;
				CLANG_WARN_OBJC_LITERAL_CONVERSION = YES;
				CLANG_WARN_OBJC_ROOT_CLASS = YES_ERROR;
				CLANG_WARN_QUOTED_INCLUDE_IN_FRAMEWORK_HEADER = YES;
				CLANG_WARN_RANGE_LOOP_ANALYSIS = YES;
				CLANG_WARN_STRICT_PROTOTYPES = YES;
				CLANG_WARN_SUSPICIOUS_MOVE = YES;
				CLANG_WARN_UNGUARDED_AVAILABILITY = YES_AGGRESSIVE;
				CLANG_WARN_UNREACHABLE_CODE = YES;
				CLANG_WARN__DUPLICATE_METHOD_MATCH = YES;
				COPY_PHASE_STRIP = NO;
				DEBUG_INFORMATION_FORMAT = dwarf;
				ENABLE_STRICT_OBJC_MSGSEND = YES;
				ENABLE_TESTABILITY = YES;
				GCC_C_LANGUAGE_STANDARD = gnu11;
				GCC_DYNAMIC_NO_PIC = NO;
				GCC_NO_COMMON_BLOCKS = YES;
				GCC_OPTIMIZATION_LEVEL = 0;
				GCC_PREPROCESSOR_DEFINITIONS = (
					"DEBUG=1",
					"$(inherited)",
				);
				GCC_WARN_64_TO_32_BIT_CONVERSION = YES;
				GCC_WARN_ABOUT_RETURN_TYPE = YES_ERROR;
				GCC_WARN_UNDECLARED_SELECTOR = YES;
				GCC_WARN_UNINITIALIZED_AUTOS = YES_AGGRESSIVE;
				GCC_WARN_UNUSED_FUNCTION = YES;
				GCC_WARN_UNUSED_VARIABLE = YES;
				IPHONEOS_DEPLOYMENT_TARGET = 15.2;
				MTL_ENABLE_DEBUG_INFO = INCLUDE_SOURCE;
				MTL_FAST_MATH = YES;
				ONLY_ACTIVE_ARCH = YES;
				SDKROOT = iphoneos;
				SWIFT_ACTIVE_COMPILATION_CONDITIONS = DEBUG;
				SWIFT_OPTIMIZATION_LEVEL = "-Onone";
			};
			name = Debug;
		};
		6A6501FE28CA2CF00072382E /* Release */ = {
			isa = XCBuildConfiguration;
			buildSettings = {
				ALWAYS_SEARCH_USER_PATHS = NO;
				CLANG_ANALYZER_NONNULL = YES;
				CLANG_ANALYZER_NUMBER_OBJECT_CONVERSION = YES_AGGRESSIVE;
				CLANG_CXX_LANGUAGE_STANDARD = "gnu++17";
				CLANG_CXX_LIBRARY = "libc++";
				CLANG_ENABLE_MODULES = YES;
				CLANG_ENABLE_OBJC_ARC = YES;
				CLANG_ENABLE_OBJC_WEAK = YES;
				CLANG_WARN_BLOCK_CAPTURE_AUTORELEASING = YES;
				CLANG_WARN_BOOL_CONVERSION = YES;
				CLANG_WARN_COMMA = YES;
				CLANG_WARN_CONSTANT_CONVERSION = YES;
				CLANG_WARN_DEPRECATED_OBJC_IMPLEMENTATIONS = YES;
				CLANG_WARN_DIRECT_OBJC_ISA_USAGE = YES_ERROR;
				CLANG_WARN_DOCUMENTATION_COMMENTS = YES;
				CLANG_WARN_EMPTY_BODY = YES;
				CLANG_WARN_ENUM_CONVERSION = YES;
				CLANG_WARN_INFINITE_RECURSION = YES;
				CLANG_WARN_INT_CONVERSION = YES;
				CLANG_WARN_NON_LITERAL_NULL_CONVERSION = YES;
				CLANG_WARN_OBJC_IMPLICIT_RETAIN_SELF = YES;
				CLANG_WARN_OBJC_LITERAL_CONVERSION = YES;
				CLANG_WARN_OBJC_ROOT_CLASS = YES_ERROR;
				CLANG_WARN_QUOTED_INCLUDE_IN_FRAMEWORK_HEADER = YES;
				CLANG_WARN_RANGE_LOOP_ANALYSIS = YES;
				CLANG_WARN_STRICT_PROTOTYPES = YES;
				CLANG_WARN_SUSPICIOUS_MOVE = YES;
				CLANG_WARN_UNGUARDED_AVAILABILITY = YES_AGGRESSIVE;
				CLANG_WARN_UNREACHABLE_CODE = YES;
				CLANG_WARN__DUPLICATE_METHOD_MATCH = YES;
				COPY_PHASE_STRIP = NO;
				DEBUG_INFORMATION_FORMAT = "dwarf-with-dsym";
				ENABLE_NS_ASSERTIONS = NO;
				ENABLE_STRICT_OBJC_MSGSEND = YES;
				GCC_C_LANGUAGE_STANDARD = gnu11;
				GCC_NO_COMMON_BLOCKS = YES;
				GCC_WARN_64_TO_32_BIT_CONVERSION = YES;
				GCC_WARN_ABOUT_RETURN_TYPE = YES_ERROR;
				GCC_WARN_UNDECLARED_SELECTOR = YES;
				GCC_WARN_UNINITIALIZED_AUTOS = YES_AGGRESSIVE;
				GCC_WARN_UNUSED_FUNCTION = YES;
				GCC_WARN_UNUSED_VARIABLE = YES;
				IPHONEOS_DEPLOYMENT_TARGET = 15.2;
				MTL_ENABLE_DEBUG_INFO = NO;
				MTL_FAST_MATH = YES;
				SDKROOT = iphoneos;
				SWIFT_COMPILATION_MODE = wholemodule;
				SWIFT_OPTIMIZATION_LEVEL = "-O";
				VALIDATE_PRODUCT = YES;
			};
			name = Release;
		};
		6A65020028CA2CF00072382E /* Debug */ = {
			isa = XCBuildConfiguration;
			baseConfigurationReference = 128D369C52703E83163BA3A2 /* Pods-Flix.debug.xcconfig */;
			buildSettings = {
				ASSETCATALOG_COMPILER_APPICON_NAME = AppIcon;
				ASSETCATALOG_COMPILER_GLOBAL_ACCENT_COLOR_NAME = AccentColor;
				CODE_SIGN_STYLE = Automatic;
				CURRENT_PROJECT_VERSION = 1;
				DEVELOPMENT_TEAM = BV23YWVKPJ;
				GENERATE_INFOPLIST_FILE = YES;
				INFOPLIST_FILE = Flix/Info.plist;
				INFOPLIST_KEY_UIApplicationSupportsIndirectInputEvents = YES;
				INFOPLIST_KEY_UILaunchStoryboardName = LaunchScreen;
				INFOPLIST_KEY_UIMainStoryboardFile = Main;
				INFOPLIST_KEY_UISupportedInterfaceOrientations_iPad = "UIInterfaceOrientationPortrait UIInterfaceOrientationPortraitUpsideDown UIInterfaceOrientationLandscapeLeft UIInterfaceOrientationLandscapeRight";
				INFOPLIST_KEY_UISupportedInterfaceOrientations_iPhone = "UIInterfaceOrientationPortrait UIInterfaceOrientationLandscapeLeft UIInterfaceOrientationLandscapeRight";
				LD_RUNPATH_SEARCH_PATHS = (
					"$(inherited)",
					"@executable_path/Frameworks",
				);
				MARKETING_VERSION = 1.0;
				PRODUCT_BUNDLE_IDENTIFIER = sg.fiu.codepath.Flix;
				PRODUCT_NAME = "$(TARGET_NAME)";
				SWIFT_EMIT_LOC_STRINGS = YES;
				SWIFT_VERSION = 5.0;
				TARGETED_DEVICE_FAMILY = "1,2";
			};
			name = Debug;
		};
		6A65020128CA2CF00072382E /* Release */ = {
			isa = XCBuildConfiguration;
			baseConfigurationReference = A52070451A6EEDACF746A12A /* Pods-Flix.release.xcconfig */;
			buildSettings = {
				ASSETCATALOG_COMPILER_APPICON_NAME = AppIcon;
				ASSETCATALOG_COMPILER_GLOBAL_ACCENT_COLOR_NAME = AccentColor;
				CODE_SIGN_STYLE = Automatic;
				CURRENT_PROJECT_VERSION = 1;
				DEVELOPMENT_TEAM = BV23YWVKPJ;
				GENERATE_INFOPLIST_FILE = YES;
				INFOPLIST_FILE = Flix/Info.plist;
				INFOPLIST_KEY_UIApplicationSupportsIndirectInputEvents = YES;
				INFOPLIST_KEY_UILaunchStoryboardName = LaunchScreen;
				INFOPLIST_KEY_UIMainStoryboardFile = Main;
				INFOPLIST_KEY_UISupportedInterfaceOrientations_iPad = "UIInterfaceOrientationPortrait UIInterfaceOrientationPortraitUpsideDown UIInterfaceOrientationLandscapeLeft UIInterfaceOrientationLandscapeRight";
				INFOPLIST_KEY_UISupportedInterfaceOrientations_iPhone = "UIInterfaceOrientationPortrait UIInterfaceOrientationLandscapeLeft UIInterfaceOrientationLandscapeRight";
				LD_RUNPATH_SEARCH_PATHS = (
					"$(inherited)",
					"@executable_path/Frameworks",
				);
				MARKETING_VERSION = 1.0;
				PRODUCT_BUNDLE_IDENTIFIER = sg.fiu.codepath.Flix;
				PRODUCT_NAME = "$(TARGET_NAME)";
				SWIFT_EMIT_LOC_STRINGS = YES;
				SWIFT_VERSION = 5.0;
				TARGETED_DEVICE_FAMILY = "1,2";
			};
			name = Release;
		};
		6A65020328CA2CF00072382E /* Debug */ = {
			isa = XCBuildConfiguration;
			baseConfigurationReference = 783891EBEC807FD4B53C2C02 /* Pods-FlixTests.debug.xcconfig */;
			buildSettings = {
				ALWAYS_EMBED_SWIFT_STANDARD_LIBRARIES = YES;
				BUNDLE_LOADER = "$(TEST_HOST)";
				CODE_SIGN_STYLE = Automatic;
				CURRENT_PROJECT_VERSION = 1;
				DEVELOPMENT_TEAM = BV23YWVKPJ;
				GENERATE_INFOPLIST_FILE = YES;
				IPHONEOS_DEPLOYMENT_TARGET = 15.2;
				MARKETING_VERSION = 1.0;
				PRODUCT_BUNDLE_IDENTIFIER = sg.fiu.FlixTests;
				PRODUCT_NAME = "$(TARGET_NAME)";
				SWIFT_EMIT_LOC_STRINGS = NO;
				SWIFT_VERSION = 5.0;
				TARGETED_DEVICE_FAMILY = "1,2";
				TEST_HOST = "$(BUILT_PRODUCTS_DIR)/Flix.app/Flix";
			};
			name = Debug;
		};
		6A65020428CA2CF00072382E /* Release */ = {
			isa = XCBuildConfiguration;
			baseConfigurationReference = 981944860EC169EC5C2EC712 /* Pods-FlixTests.release.xcconfig */;
			buildSettings = {
				ALWAYS_EMBED_SWIFT_STANDARD_LIBRARIES = YES;
				BUNDLE_LOADER = "$(TEST_HOST)";
				CODE_SIGN_STYLE = Automatic;
				CURRENT_PROJECT_VERSION = 1;
				DEVELOPMENT_TEAM = BV23YWVKPJ;
				GENERATE_INFOPLIST_FILE = YES;
				IPHONEOS_DEPLOYMENT_TARGET = 15.2;
				MARKETING_VERSION = 1.0;
				PRODUCT_BUNDLE_IDENTIFIER = sg.fiu.FlixTests;
				PRODUCT_NAME = "$(TARGET_NAME)";
				SWIFT_EMIT_LOC_STRINGS = NO;
				SWIFT_VERSION = 5.0;
				TARGETED_DEVICE_FAMILY = "1,2";
				TEST_HOST = "$(BUILT_PRODUCTS_DIR)/Flix.app/Flix";
			};
			name = Release;
		};
		6A65020628CA2CF00072382E /* Debug */ = {
			isa = XCBuildConfiguration;
			baseConfigurationReference = 88B10473A3104B14488CD6B2 /* Pods-Flix-FlixUITests.debug.xcconfig */;
			buildSettings = {
				ALWAYS_EMBED_SWIFT_STANDARD_LIBRARIES = YES;
				CODE_SIGN_STYLE = Automatic;
				CURRENT_PROJECT_VERSION = 1;
				DEVELOPMENT_TEAM = BV23YWVKPJ;
				GENERATE_INFOPLIST_FILE = YES;
				MARKETING_VERSION = 1.0;
				PRODUCT_BUNDLE_IDENTIFIER = sg.fiu.FlixUITests;
				PRODUCT_NAME = "$(TARGET_NAME)";
				SWIFT_EMIT_LOC_STRINGS = NO;
				SWIFT_VERSION = 5.0;
				TARGETED_DEVICE_FAMILY = "1,2";
				TEST_TARGET_NAME = Flix;
			};
			name = Debug;
		};
		6A65020728CA2CF00072382E /* Release */ = {
			isa = XCBuildConfiguration;
			baseConfigurationReference = FDAAB2BF266D4553B76748D1 /* Pods-Flix-FlixUITests.release.xcconfig */;
			buildSettings = {
				ALWAYS_EMBED_SWIFT_STANDARD_LIBRARIES = YES;
				CODE_SIGN_STYLE = Automatic;
				CURRENT_PROJECT_VERSION = 1;
				DEVELOPMENT_TEAM = BV23YWVKPJ;
				GENERATE_INFOPLIST_FILE = YES;
				MARKETING_VERSION = 1.0;
				PRODUCT_BUNDLE_IDENTIFIER = sg.fiu.FlixUITests;
				PRODUCT_NAME = "$(TARGET_NAME)";
				SWIFT_EMIT_LOC_STRINGS = NO;
				SWIFT_VERSION = 5.0;
				TARGETED_DEVICE_FAMILY = "1,2";
				TEST_TARGET_NAME = Flix;
			};
			name = Release;
		};
/* End XCBuildConfiguration section */

/* Begin XCConfigurationList section */
		6A6501D028CA2CEE0072382E /* Build configuration list for PBXProject "Flix" */ = {
			isa = XCConfigurationList;
			buildConfigurations = (
				6A6501FD28CA2CF00072382E /* Debug */,
				6A6501FE28CA2CF00072382E /* Release */,
			);
			defaultConfigurationIsVisible = 0;
			defaultConfigurationName = Release;
		};
		6A6501FF28CA2CF00072382E /* Build configuration list for PBXNativeTarget "Flix" */ = {
			isa = XCConfigurationList;
			buildConfigurations = (
				6A65020028CA2CF00072382E /* Debug */,
				6A65020128CA2CF00072382E /* Release */,
			);
			defaultConfigurationIsVisible = 0;
			defaultConfigurationName = Release;
		};
		6A65020228CA2CF00072382E /* Build configuration list for PBXNativeTarget "FlixTests" */ = {
			isa = XCConfigurationList;
			buildConfigurations = (
				6A65020328CA2CF00072382E /* Debug */,
				6A65020428CA2CF00072382E /* Release */,
			);
			defaultConfigurationIsVisible = 0;
			defaultConfigurationName = Release;
		};
		6A65020528CA2CF00072382E /* Build configuration list for PBXNativeTarget "FlixUITests" */ = {
			isa = XCConfigurationList;
			buildConfigurations = (
				6A65020628CA2CF00072382E /* Debug */,
				6A65020728CA2CF00072382E /* Release */,
			);
			defaultConfigurationIsVisible = 0;
			defaultConfigurationName = Release;
		};
/* End XCConfigurationList section */

/* Begin XCRemoteSwiftPackageReference section */
		6A65020C28CA84B20072382E /* XCRemoteSwiftPackageReference "AlamofireImage" */ = {
			isa = XCRemoteSwiftPackageReference;
			repositoryURL = "https://github.com/Alamofire/AlamofireImage";
			requirement = {
				kind = upToNextMajorVersion;
				minimumVersion = 4.0.0;
			};
		};
/* End XCRemoteSwiftPackageReference section */

/* Begin XCSwiftPackageProductDependency section */
		6A65020D28CA84B20072382E /* AlamofireImage */ = {
			isa = XCSwiftPackageProductDependency;
			package = 6A65020C28CA84B20072382E /* XCRemoteSwiftPackageReference "AlamofireImage" */;
			productName = AlamofireImage;
		};
/* End XCSwiftPackageProductDependency section */
	};
	rootObject = 6A6501CD28CA2CEE0072382E /* Project object */;
}
